github.com/labstack/echo/v5 v5.3.1 h1:75maCxkQVGualckLc/5s/ihgpH1a1Dc6AuGWNVNs6bw=
github.com/labstack/echo/v5 v5.3.1/go.mod h1:4iEGNQiPPZnkfYpNR/L6fINd3NLiGWUD5+eBotFALas=
github.com/neo4j/neo4j-go-driver/v6 v6.2.0 h1:5gxdBkCAY+jD/Tv6goqctLk3AdaVFU8MQU4t3n04SsU=
github.com/neo4j/neo4j-go-driver/v6 v6.2.0/go.mod h1:hzSTfNfM31p1uRSzL1F/BAYOgaiTarE6OAQBajfsm+I=
golang.org/x/time v0.15.0 h1:bbrp8t3bGUeFOx08pvsMYRTCVSMk89u4tKbNOZbp88U=
golang.org/x/time v0.15.0/go.mod h1:Y4YMaQmXwGQZoFaVFk4YpCt4FLQMYKZe9oeV/f4MSno=
